
Microsoft Visual Studio Solution File, Format Version 12.00
# Visual Studio Version 17
VisualStudioVersion = 17.1.32210.238
MinimumVisualStudioVersion = 10.0.40219.1
Project("{9A19103F-16F7-4668-BE54-9A1E7A4F7556}") = "TentacSocialPlatformApi", "TentacSocialPlatformApi\TentacSocialPlatformApi.csproj", "{DBAA4DB5-2802-468E-9892-F206CB711D28}"
EndProject
Project("{9A19103F-16F7-4668-BE54-9A1E7A4F7556}") = "Repository", "Repository\Repository.csproj", "{35203E0E-13AD-47AB-9EFA-B89E9D7160A9}"
EndProject
Project("{9A19103F-16F7-4668-BE54-9A1E7A4F7556}") = "DomainModels", "DomainModels\DomainModels.csproj", "{7F0605B4-2230-44F6-9242-012175900B18}"
EndProject
Project("{9A19103F-16F7-4668-BE54-9A1E7A4F7556}") = "Authentication", "Authentication\Authentication.csproj", "{8873FC92-9F7F-4033-AE2A-F63B9E05BFF7}"
EndProject
Project("{9A19103F-16F7-4668-BE54-9A1E7A4F7556}") = "Constants", "Constants\Constants.csproj", "{625C02F0-5163-451A-891C-4D2D6140F2ED}"
EndProject
Project("{FAE04EC0-301F-11D3-BF4B-00C04F79EFBC}") = "Localization", "Localization\Localization.csproj", "{4C04ADD0-7F5F-4532-A6AD-1166BF66D85B}"
EndProject
Global
	GlobalSection(SolutionConfigurationPlatforms) = preSolution
		Debug|Any CPU = Debug|Any CPU
		Release|Any CPU = Release|Any CPU
	EndGlobalSection
	GlobalSection(ProjectConfigurationPlatforms) = postSolution
		{DBAA4DB5-2802-468E-9892-F206CB711D28}.Debug|Any CPU.ActiveCfg = Debug|Any CPU
		{DBAA4DB5-2802-468E-9892-F206CB711D28}.Debug|Any CPU.Build.0 = Debug|Any CPU
		{DBAA4DB5-2802-468E-9892-F206CB711D28}.Release|Any CPU.ActiveCfg = Release|Any CPU
		{DBAA4DB5-2802-468E-9892-F206CB711D28}.Release|Any CPU.Build.0 = Release|Any CPU
		{35203E0E-13AD-47AB-9EFA-B89E9D7160A9}.Debug|Any CPU.ActiveCfg = Debug|Any CPU
		{35203E0E-13AD-47AB-9EFA-B89E9D7160A9}.Debug|Any CPU.Build.0 = Debug|Any CPU
		{35203E0E-13AD-47AB-9EFA-B89E9D7160A9}.Release|Any CPU.ActiveCfg = Release|Any CPU
		{35203E0E-13AD-47AB-9EFA-B89E9D7160A9}.Release|Any CPU.Build.0 = Release|Any CPU
		{7F0605B4-2230-44F6-9242-012175900B18}.Debug|Any CPU.ActiveCfg = Debug|Any CPU
		{7F0605B4-2230-44F6-9242-012175900B18}.Debug|Any CPU.Build.0 = Debug|Any CPU
		{7F0605B4-2230-44F6-9242-012175900B18}.Release|Any CPU.ActiveCfg = Release|Any CPU
		{7F0605B4-2230-44F6-9242-012175900B18}.Release|Any CPU.Build.0 = Release|Any CPU
		{8873FC92-9F7F-4033-AE2A-F63B9E05BFF7}.Debug|Any CPU.ActiveCfg = Debug|Any CPU
		{8873FC92-9F7F-4033-AE2A-F63B9E05BFF7}.Debug|Any CPU.Build.0 = Debug|Any CPU
		{8873FC92-9F7F-4033-AE2A-F63B9E05BFF7}.Release|Any CPU.ActiveCfg = Release|Any CPU
		{8873FC92-9F7F-4033-AE2A-F63B9E05BFF7}.Release|Any CPU.Build.0 = Release|Any CPU
		{625C02F0-5163-451A-891C-4D2D6140F2ED}.Debug|Any CPU.ActiveCfg = Debug|Any CPU
		{625C02F0-5163-451A-891C-4D2D6140F2ED}.Debug|Any CPU.Build.0 = Debug|Any CPU
		{625C02F0-5163-451A-891C-4D2D6140F2ED}.Release|Any CPU.ActiveCfg = Release|Any CPU
		{625C02F0-5163-451A-891C-4D2D6140F2ED}.Release|Any CPU.Build.0 = Release|Any CPU
		{4C04ADD0-7F5F-4532-A6AD-1166BF66D85B}.Debug|Any CPU.ActiveCfg = Debug|Any CPU
		{4C04ADD0-7F5F-4532-A6AD-1166BF66D85B}.Debug|Any CPU.Build.0 = Debug|Any CPU
		{4C04ADD0-7F5F-4532-A6AD-1166BF66D85B}.Release|Any CPU.ActiveCfg = Release|Any CPU
		{4C04ADD0-7F5F-4532-A6AD-1166BF66D85B}.Release|Any CPU.Build.0 = Release|Any CPU
	EndGlobalSection
	GlobalSection(SolutionProperties) = preSolution
		HideSolutionNode = FALSE
	EndGlobalSection
	GlobalSection(ExtensibilityGlobals) = postSolution
		SolutionGuid = {B0E208E2-6B6C-4036-AC77-EC55DEFD1581}
	EndGlobalSection
EndGlobal
